
Microsoft Visual Studio Solution File, Format Version 12.00
# Visual Studio Version 17
VisualStudioVersion = 17.9.34728.123
MinimumVisualStudioVersion = 10.0.40219.1
Project("{FAE04EC0-301F-11D3-BF4B-00C04F79EFBC}") = "Ejemplo05", "Ejemplo05\Ejemplo05.csproj", "{E93DB8A6-0F78-4B3B-8683-C6434FEDE74E}"
EndProject
Global
	GlobalSection(SolutionConfigurationPlatforms) = preSolution
		Debug|Any CPU = Debug|Any CPU
		Release|Any CPU = Release|Any CPU
	EndGlobalSection
	GlobalSection(ProjectConfigurationPlatforms) = postSolution
		{E93DB8A6-0F78-4B3B-8683-C6434FEDE74E}.Debug|Any CPU.ActiveCfg = Debug|Any CPU
		{E93DB8A6-0F78-4B3B-8683-C6434FEDE74E}.Debug|Any CPU.Build.0 = Debug|Any CPU
		{E93DB8A6-0F78-4B3B-8683-C6434FEDE74E}.Debug|Any CPU.Deploy.0 = Debug|Any CPU
		{E93DB8A6-0F78-4B3B-8683-C6434FEDE74E}.Release|Any CPU.ActiveCfg = Release|Any CPU
		{E93DB8A6-0F78-4B3B-8683-C6434FEDE74E}.Release|Any CPU.Build.0 = Release|Any CPU
		{E93DB8A6-0F78-4B3B-8683-C6434FEDE74E}.Release|Any CPU.Deploy.0 = Release|Any CPU
	EndGlobalSection
	GlobalSection(SolutionProperties) = preSolution
		HideSolutionNode = FALSE
	EndGlobalSection
	GlobalSection(ExtensibilityGlobals) = postSolution
		SolutionGuid = {A3D8F21E-D9B5-4D9E-9044-D960FE6DAC22}
	EndGlobalSection
EndGlobal
